
Microsoft Visual Studio Solution File, Format Version 12.00
# Visual Studio Version 16
VisualStudioVersion = 16.0.29911.84
MinimumVisualStudioVersion = 10.0.40219.1
Project("{FAE04EC0-301F-11D3-BF4B-00C04F79EFBC}") = "P2", "P2\P2.csproj", "{A6BA8C08-A771-40F8-9A31-A046FE7A0F5C}"
EndProject
Project("{FAE04EC0-301F-11D3-BF4B-00C04F79EFBC}") = "ConsoleApp1", "ConsoleApp1\ConsoleApp1.csproj", "{4C66A76F-D2EA-4D43-9203-343611229B63}"
EndProject
Project("{FAE04EC0-301F-11D3-BF4B-00C04F79EFBC}") = "ClassLibrary1", "ClassLibrary1\ClassLibrary1.csproj", "{FA8C2208-1093-45FC-AB85-66E42878770E}"
EndProject
Project("{FAE04EC0-301F-11D3-BF4B-00C04F79EFBC}") = "ConsoleApp2", "ConsoleApp2\ConsoleApp2.csproj", "{90A4A6E6-3370-49B4-823B-CA779049098B}"
EndProject
Global
	GlobalSection(SolutionConfigurationPlatforms) = preSolution
		Debug|Any CPU = Debug|Any CPU
		Release|Any CPU = Release|Any CPU
	EndGlobalSection
	GlobalSection(ProjectConfigurationPlatforms) = postSolution
		{A6BA8C08-A771-40F8-9A31-A046FE7A0F5C}.Debug|Any CPU.ActiveCfg = Debug|Any CPU
		{A6BA8C08-A771-40F8-9A31-A046FE7A0F5C}.Debug|Any CPU.Build.0 = Debug|Any CPU
		{A6BA8C08-A771-40F8-9A31-A046FE7A0F5C}.Release|Any CPU.ActiveCfg = Release|Any CPU
		{A6BA8C08-A771-40F8-9A31-A046FE7A0F5C}.Release|Any CPU.Build.0 = Release|Any CPU
		{4C66A76F-D2EA-4D43-9203-343611229B63}.Debug|Any CPU.ActiveCfg = Debug|Any CPU
		{4C66A76F-D2EA-4D43-9203-343611229B63}.Debug|Any CPU.Build.0 = Debug|Any CPU
		{4C66A76F-D2EA-4D43-9203-343611229B63}.Release|Any CPU.ActiveCfg = Release|Any CPU
		{4C66A76F-D2EA-4D43-9203-343611229B63}.Release|Any CPU.Build.0 = Release|Any CPU
		{FA8C2208-1093-45FC-AB85-66E42878770E}.Debug|Any CPU.ActiveCfg = Debug|Any CPU
		{FA8C2208-1093-45FC-AB85-66E42878770E}.Debug|Any CPU.Build.0 = Debug|Any CPU
		{FA8C2208-1093-45FC-AB85-66E42878770E}.Release|Any CPU.ActiveCfg = Release|Any CPU
		{FA8C2208-1093-45FC-AB85-66E42878770E}.Release|Any CPU.Build.0 = Release|Any CPU
		{90A4A6E6-3370-49B4-823B-CA779049098B}.Debug|Any CPU.ActiveCfg = Debug|Any CPU
		{90A4A6E6-3370-49B4-823B-CA779049098B}.Debug|Any CPU.Build.0 = Debug|Any CPU
		{90A4A6E6-3370-49B4-823B-CA779049098B}.Release|Any CPU.ActiveCfg = Release|Any CPU
		{90A4A6E6-3370-49B4-823B-CA779049098B}.Release|Any CPU.Build.0 = Release|Any CPU
	EndGlobalSection
	GlobalSection(SolutionProperties) = preSolution
		HideSolutionNode = FALSE
	EndGlobalSection
	GlobalSection(ExtensibilityGlobals) = postSolution
		SolutionGuid = {717D046E-36BF-413F-BE1B-C02DF858D627}
	EndGlobalSection
EndGlobal
